
Microsoft Visual Studio Solution File, Format Version 12.00
# Visual Studio Version 16
VisualStudioVersion = 16.0.30503.244
MinimumVisualStudioVersion = 10.0.40219.1
Project("{FAE04EC0-301F-11D3-BF4B-00C04F79EFBC}") = "TCPChatProgram", "TCPChatProgram.csproj", "{CAADEEAC-325F-400F-88E9-A3D57C454105}"
EndProject
Global
	GlobalSection(SolutionConfigurationPlatforms) = preSolution
		Debug|Any CPU = Debug|Any CPU
		Release|Any CPU = Release|Any CPU
	EndGlobalSection
	GlobalSection(ProjectConfigurationPlatforms) = postSolution
		{CAADEEAC-325F-400F-88E9-A3D57C454105}.Debug|Any CPU.ActiveCfg = Debug|Any CPU
		{CAADEEAC-325F-400F-88E9-A3D57C454105}.Debug|Any CPU.Build.0 = Debug|Any CPU
		{CAADEEAC-325F-400F-88E9-A3D57C454105}.Release|Any CPU.ActiveCfg = Release|Any CPU
		{CAADEEAC-325F-400F-88E9-A3D57C454105}.Release|Any CPU.Build.0 = Release|Any CPU
	EndGlobalSection
	GlobalSection(SolutionProperties) = preSolution
		HideSolutionNode = FALSE
	EndGlobalSection
	GlobalSection(ExtensibilityGlobals) = postSolution
		SolutionGuid = {A59FF550-FA59-47EF-83C3-60735412C15D}
	EndGlobalSection
EndGlobal
